// !$*UTF8*$!
{
	archiveVersion = 1;
	classes = {
	};
	objectVersion = 55;
	objects = {

/* Begin PBXBuildFile section */
		2EB7FA0727920AE8005A1DC2 /* AppDelegate.swift in Sources */ = {isa = PBXBuildFile; fileRef = 2EB7FA0627920AE8005A1DC2 /* AppDelegate.swift */; };
		2EB7FA0927920AE8005A1DC2 /* SceneDelegate.swift in Sources */ = {isa = PBXBuildFile; fileRef = 2EB7FA0827920AE8005A1DC2 /* SceneDelegate.swift */; };
		2EB7FA1027920AE9005A1DC2 /* Assets.xcassets in Resources */ = {isa = PBXBuildFile; fileRef = 2EB7FA0F27920AE9005A1DC2 /* Assets.xcassets */; };
		2EB7FA1327920AE9005A1DC2 /* LaunchScreen.storyboard in Resources */ = {isa = PBXBuildFile; fileRef = 2EB7FA1127920AE9005A1DC2 /* LaunchScreen.storyboard */; };
		2EB7FA1D27920F78005A1DC2 /* NewsListViewController.swift in Sources */ = {isa = PBXBuildFile; fileRef = 2EB7FA1C27920F78005A1DC2 /* NewsListViewController.swift */; };
		2EB7FA502792CC15005A1DC2 /* NewsListCell.swift in Sources */ = {isa = PBXBuildFile; fileRef = 2EB7FA4E2792CC15005A1DC2 /* NewsListCell.swift */; };
		2EB7FA512792CC15005A1DC2 /* NewsListCell.xib in Resources */ = {isa = PBXBuildFile; fileRef = 2EB7FA4F2792CC15005A1DC2 /* NewsListCell.xib */; };
		2EB7FA5D27942D14005A1DC2 /* HTTPClient.swift in Sources */ = {isa = PBXBuildFile; fileRef = 2EB7FA5C27942D14005A1DC2 /* HTTPClient.swift */; };
		2EB7FA6027943671005A1DC2 /* NewsLoader.swift in Sources */ = {isa = PBXBuildFile; fileRef = 2EB7FA5F27943671005A1DC2 /* NewsLoader.swift */; };
		2EB7FA6227943681005A1DC2 /* News.swift in Sources */ = {isa = PBXBuildFile; fileRef = 2EB7FA6127943681005A1DC2 /* News.swift */; };
		2EB7FA7F2794954A005A1DC2 /* NewsListViewControllerTests.swift in Sources */ = {isa = PBXBuildFile; fileRef = 2EB7FA412792A3B7005A1DC2 /* NewsListViewControllerTests.swift */; };
		2EB7FA812794974E005A1DC2 /* NewsApiLoader.swift in Sources */ = {isa = PBXBuildFile; fileRef = 2EB7FA802794974E005A1DC2 /* NewsApiLoader.swift */; };
		2EB7FA852794B719005A1DC2 /* UITableView+ReusableView.swift in Sources */ = {isa = PBXBuildFile; fileRef = 2EB7FA842794B719005A1DC2 /* UITableView+ReusableView.swift */; };
		2EB7FA882794BA3D005A1DC2 /* NewsListViewModelTests.swift in Sources */ = {isa = PBXBuildFile; fileRef = 2EB7FA872794BA3D005A1DC2 /* NewsListViewModelTests.swift */; };
		2EB7FA8B2794BA89005A1DC2 /* NewsListViewModel.swift in Sources */ = {isa = PBXBuildFile; fileRef = 2EB7FA8A2794BA89005A1DC2 /* NewsListViewModel.swift */; };
		2EB7FA8D27952464005A1DC2 /* NewsApiLoaderTests.swift in Sources */ = {isa = PBXBuildFile; fileRef = 2EB7FA8C27952464005A1DC2 /* NewsApiLoaderTests.swift */; };
		2EB7FA8F27954497005A1DC2 /* URLSessionHTTPClient.swift in Sources */ = {isa = PBXBuildFile; fileRef = 2EB7FA8E27954497005A1DC2 /* URLSessionHTTPClient.swift */; };
		2EB7FA932795456F005A1DC2 /* URLProtocolStub.swift in Sources */ = {isa = PBXBuildFile; fileRef = 2EB7FA922795456F005A1DC2 /* URLProtocolStub.swift */; };
		2EB7FA9727954C4E005A1DC2 /* URLSessionHttpClientTests.swift in Sources */ = {isa = PBXBuildFile; fileRef = 2EB7FA9627954C4E005A1DC2 /* URLSessionHttpClientTests.swift */; };
/* End PBXBuildFile section */

/* Begin PBXContainerItemProxy section */
		2EB7FA7A27949546005A1DC2 /* PBXContainerItemProxy */ = {
			isa = PBXContainerItemProxy;
			containerPortal = 2EB7F9FB27920AE8005A1DC2 /* Project object */;
			proxyType = 1;
			remoteGlobalIDString = 2EB7FA0227920AE8005A1DC2;
			remoteInfo = NYTimes;
		};
/* End PBXContainerItemProxy section */

/* Begin PBXFileReference section */
		2EB7FA0327920AE8005A1DC2 /* NYTimes.app */ = {isa = PBXFileReference; explicitFileType = wrapper.application; includeInIndex = 0; path = NYTimes.app; sourceTree = BUILT_PRODUCTS_DIR; };
		2EB7FA0627920AE8005A1DC2 /* AppDelegate.swift */ = {isa = PBXFileReference; lastKnownFileType = sourcecode.swift; path = AppDelegate.swift; sourceTree = "<group>"; };
		2EB7FA0827920AE8005A1DC2 /* SceneDelegate.swift */ = {isa = PBXFileReference; lastKnownFileType = sourcecode.swift; path = SceneDelegate.swift; sourceTree = "<group>"; };
		2EB7FA0F27920AE9005A1DC2 /* Assets.xcassets */ = {isa = PBXFileReference; lastKnownFileType = folder.assetcatalog; path = Assets.xcassets; sourceTree = "<group>"; };
		2EB7FA1227920AE9005A1DC2 /* Base */ = {isa = PBXFileReference; lastKnownFileType = file.storyboard; name = Base; path = Base.lproj/LaunchScreen.storyboard; sourceTree = "<group>"; };
		2EB7FA1427920AE9005A1DC2 /* Info.plist */ = {isa = PBXFileReference; lastKnownFileType = text.plist.xml; path = Info.plist; sourceTree = "<group>"; };
		2EB7FA1C27920F78005A1DC2 /* NewsListViewController.swift */ = {isa = PBXFileReference; lastKnownFileType = sourcecode.swift; path = NewsListViewController.swift; sourceTree = "<group>"; };
		2EB7FA412792A3B7005A1DC2 /* NewsListViewControllerTests.swift */ = {isa = PBXFileReference; lastKnownFileType = sourcecode.swift; path = NewsListViewControllerTests.swift; sourceTree = "<group>"; };
		2EB7FA4E2792CC15005A1DC2 /* NewsListCell.swift */ = {isa = PBXFileReference; lastKnownFileType = sourcecode.swift; path = NewsListCell.swift; sourceTree = "<group>"; };
		2EB7FA4F2792CC15005A1DC2 /* NewsListCell.xib */ = {isa = PBXFileReference; lastKnownFileType = file.xib; path = NewsListCell.xib; sourceTree = "<group>"; };
		2EB7FA5C27942D14005A1DC2 /* HTTPClient.swift */ = {isa = PBXFileReference; lastKnownFileType = sourcecode.swift; path = HTTPClient.swift; sourceTree = "<group>"; };
		2EB7FA5F27943671005A1DC2 /* NewsLoader.swift */ = {isa = PBXFileReference; lastKnownFileType = sourcecode.swift; path = NewsLoader.swift; sourceTree = "<group>"; };
		2EB7FA6127943681005A1DC2 /* News.swift */ = {isa = PBXFileReference; lastKnownFileType = sourcecode.swift; path = News.swift; sourceTree = "<group>"; };
		2EB7FA7627949546005A1DC2 /* NYTimesTests.xctest */ = {isa = PBXFileReference; explicitFileType = wrapper.cfbundle; includeInIndex = 0; path = NYTimesTests.xctest; sourceTree = BUILT_PRODUCTS_DIR; };
		2EB7FA802794974E005A1DC2 /* NewsApiLoader.swift */ = {isa = PBXFileReference; lastKnownFileType = sourcecode.swift; path = NewsApiLoader.swift; sourceTree = "<group>"; };
		2EB7FA842794B719005A1DC2 /* UITableView+ReusableView.swift */ = {isa = PBXFileReference; lastKnownFileType = sourcecode.swift; path = "UITableView+ReusableView.swift"; sourceTree = "<group>"; };
		2EB7FA872794BA3D005A1DC2 /* NewsListViewModelTests.swift */ = {isa = PBXFileReference; lastKnownFileType = sourcecode.swift; path = NewsListViewModelTests.swift; sourceTree = "<group>"; };
		2EB7FA8A2794BA89005A1DC2 /* NewsListViewModel.swift */ = {isa = PBXFileReference; lastKnownFileType = sourcecode.swift; path = NewsListViewModel.swift; sourceTree = "<group>"; };
		2EB7FA8C27952464005A1DC2 /* NewsApiLoaderTests.swift */ = {isa = PBXFileReference; lastKnownFileType = sourcecode.swift; path = NewsApiLoaderTests.swift; sourceTree = "<group>"; };
		2EB7FA8E27954497005A1DC2 /* URLSessionHTTPClient.swift */ = {isa = PBXFileReference; lastKnownFileType = sourcecode.swift; path = URLSessionHTTPClient.swift; sourceTree = "<group>"; };
		2EB7FA922795456F005A1DC2 /* URLProtocolStub.swift */ = {isa = PBXFileReference; lastKnownFileType = sourcecode.swift; path = URLProtocolStub.swift; sourceTree = "<group>"; };
		2EB7FA9627954C4E005A1DC2 /* URLSessionHttpClientTests.swift */ = {isa = PBXFileReference; fileEncoding = 4; lastKnownFileType = sourcecode.swift; path = URLSessionHttpClientTests.swift; sourceTree = "<group>"; };
/* End PBXFileReference section */

/* Begin PBXFrameworksBuildPhase section */
		2EB7FA0027920AE8005A1DC2 /* Frameworks */ = {
			isa = PBXFrameworksBuildPhase;
			buildActionMask = 2147483647;
			files = (
			);
			runOnlyForDeploymentPostprocessing = 0;
		};
		2EB7FA7327949546005A1DC2 /* Frameworks */ = {
			isa = PBXFrameworksBuildPhase;
			buildActionMask = 2147483647;
			files = (
			);
			runOnlyForDeploymentPostprocessing = 0;
		};
/* End PBXFrameworksBuildPhase section */

/* Begin PBXGroup section */
		2EB7F9FA27920AE8005A1DC2 = {
			isa = PBXGroup;
			children = (
				2EB7FA0527920AE8005A1DC2 /* NYTimes */,
				2EB7FA7727949546005A1DC2 /* NYTimesTests */,
				2EB7FA0427920AE8005A1DC2 /* Products */,
			);
			sourceTree = "<group>";
		};
		2EB7FA0427920AE8005A1DC2 /* Products */ = {
			isa = PBXGroup;
			children = (
				2EB7FA0327920AE8005A1DC2 /* NYTimes.app */,
				2EB7FA7627949546005A1DC2 /* NYTimesTests.xctest */,
			);
			name = Products;
			sourceTree = "<group>";
		};
		2EB7FA0527920AE8005A1DC2 /* NYTimes */ = {
			isa = PBXGroup;
			children = (
				2EB7FA0627920AE8005A1DC2 /* AppDelegate.swift */,
				2EB7FA0827920AE8005A1DC2 /* SceneDelegate.swift */,
				2EB7FA892794BA76005A1DC2 /* ViewModel */,
				2EB7FA822794B6D5005A1DC2 /* Helpers */,
				2EB7FA5E27943662005A1DC2 /* Loader */,
				2EB7FA5B27942CCB005A1DC2 /* Service */,
				2EB7FA1B27920F66005A1DC2 /* View */,
				2EB7FA0F27920AE9005A1DC2 /* Assets.xcassets */,
				2EB7FA1127920AE9005A1DC2 /* LaunchScreen.storyboard */,
				2EB7FA1427920AE9005A1DC2 /* Info.plist */,
			);
			path = NYTimes;
			sourceTree = "<group>";
		};
		2EB7FA1B27920F66005A1DC2 /* View */ = {
			isa = PBXGroup;
			children = (
				2EB7FA1C27920F78005A1DC2 /* NewsListViewController.swift */,
				2EB7FA522792CC19005A1DC2 /* NewsListCell */,
			);
			path = View;
			sourceTree = "<group>";
		};
		2EB7FA522792CC19005A1DC2 /* NewsListCell */ = {
			isa = PBXGroup;
			children = (
				2EB7FA4E2792CC15005A1DC2 /* NewsListCell.swift */,
				2EB7FA4F2792CC15005A1DC2 /* NewsListCell.xib */,
			);
			path = NewsListCell;
			sourceTree = "<group>";
		};
		2EB7FA5B27942CCB005A1DC2 /* Service */ = {
			isa = PBXGroup;
			children = (
				2EB7FA5C27942D14005A1DC2 /* HTTPClient.swift */,
				2EB7FA8E27954497005A1DC2 /* URLSessionHTTPClient.swift */,
			);
			path = Service;
			sourceTree = "<group>";
		};
		2EB7FA5E27943662005A1DC2 /* Loader */ = {
			isa = PBXGroup;
			children = (
				2EB7FA5F27943671005A1DC2 /* NewsLoader.swift */,
				2EB7FA802794974E005A1DC2 /* NewsApiLoader.swift */,
				2EB7FA6127943681005A1DC2 /* News.swift */,
			);
			path = Loader;
			sourceTree = "<group>";
		};
		2EB7FA7727949546005A1DC2 /* NYTimesTests */ = {
			isa = PBXGroup;
			children = (
				2EB7FA412792A3B7005A1DC2 /* NewsListViewControllerTests.swift */,
				2EB7FA872794BA3D005A1DC2 /* NewsListViewModelTests.swift */,
				2EB7FA8C27952464005A1DC2 /* NewsApiLoaderTests.swift */,
				2EB7FA9627954C4E005A1DC2 /* URLSessionHttpClientTests.swift */,
				2EB7FA922795456F005A1DC2 /* URLProtocolStub.swift */,
			);
			path = NYTimesTests;
			sourceTree = "<group>";
		};
		2EB7FA822794B6D5005A1DC2 /* Helpers */ = {
			isa = PBXGroup;
			children = (
				2EB7FA832794B6E6005A1DC2 /* UIKitHelpers */,
			);
			path = Helpers;
			sourceTree = "<group>";
		};
		2EB7FA832794B6E6005A1DC2 /* UIKitHelpers */ = {
			isa = PBXGroup;
			children = (
				2EB7FA842794B719005A1DC2 /* UITableView+ReusableView.swift */,
			);
			path = UIKitHelpers;
			sourceTree = "<group>";
		};
		2EB7FA892794BA76005A1DC2 /* ViewModel */ = {
			isa = PBXGroup;
			children = (
				2EB7FA8A2794BA89005A1DC2 /* NewsListViewModel.swift */,
			);
			path = ViewModel;
			sourceTree = "<group>";
		};
/* End PBXGroup section */

/* Begin PBXNativeTarget section */
		2EB7FA0227920AE8005A1DC2 /* NYTimes */ = {
			isa = PBXNativeTarget;
			buildConfigurationList = 2EB7FA1727920AE9005A1DC2 /* Build configuration list for PBXNativeTarget "NYTimes" */;
			buildPhases = (
				2EB7F9FF27920AE8005A1DC2 /* Sources */,
				2EB7FA0027920AE8005A1DC2 /* Frameworks */,
				2EB7FA0127920AE8005A1DC2 /* Resources */,
			);
			buildRules = (
			);
			dependencies = (
			);
			name = NYTimes;
			productName = NYTimes;
			productReference = 2EB7FA0327920AE8005A1DC2 /* NYTimes.app */;
			productType = "com.apple.product-type.application";
		};
		2EB7FA7527949546005A1DC2 /* NYTimesTests */ = {
			isa = PBXNativeTarget;
			buildConfigurationList = 2EB7FA7E27949546005A1DC2 /* Build configuration list for PBXNativeTarget "NYTimesTests" */;
			buildPhases = (
				2EB7FA7227949546005A1DC2 /* Sources */,
				2EB7FA7327949546005A1DC2 /* Frameworks */,
				2EB7FA7427949546005A1DC2 /* Resources */,
			);
			buildRules = (
			);
			dependencies = (
				2EB7FA7B27949546005A1DC2 /* PBXTargetDependency */,
			);
			name = NYTimesTests;
			productName = NYTimesTests;
			productReference = 2EB7FA7627949546005A1DC2 /* NYTimesTests.xctest */;
			productType = "com.apple.product-type.bundle.unit-test";
		};
/* End PBXNativeTarget section */

/* Begin PBXProject section */
		2EB7F9FB27920AE8005A1DC2 /* Project object */ = {
			isa = PBXProject;
			attributes = {
				BuildIndependentTargetsInParallel = 1;
				LastSwiftUpdateCheck = 1320;
				LastUpgradeCheck = 1320;
				TargetAttributes = {
					2EB7FA0227920AE8005A1DC2 = {
						CreatedOnToolsVersion = 13.2.1;
					};
					2EB7FA7527949546005A1DC2 = {
						CreatedOnToolsVersion = 13.2.1;
						TestTargetID = 2EB7FA0227920AE8005A1DC2;
					};
				};
			};
			buildConfigurationList = 2EB7F9FE27920AE8005A1DC2 /* Build configuration list for PBXProject "NYTimes" */;
			compatibilityVersion = "Xcode 13.0";
			developmentRegion = en;
			hasScannedForEncodings = 0;
			knownRegions = (
				en,
				Base,
			);
			mainGroup = 2EB7F9FA27920AE8005A1DC2;
			productRefGroup = 2EB7FA0427920AE8005A1DC2 /* Products */;
			projectDirPath = "";
			projectRoot = "";
			targets = (
				2EB7FA0227920AE8005A1DC2 /* NYTimes */,
				2EB7FA7527949546005A1DC2 /* NYTimesTests */,
			);
		};
/* End PBXProject section */

/* Begin PBXResourcesBuildPhase section */
		2EB7FA0127920AE8005A1DC2 /* Resources */ = {
			isa = PBXResourcesBuildPhase;
			buildActionMask = 2147483647;
			files = (
				2EB7FA512792CC15005A1DC2 /* NewsListCell.xib in Resources */,
				2EB7FA1327920AE9005A1DC2 /* LaunchScreen.storyboard in Resources */,
				2EB7FA1027920AE9005A1DC2 /* Assets.xcassets in Resources */,
			);
			runOnlyForDeploymentPostprocessing = 0;
		};
		2EB7FA7427949546005A1DC2 /* Resources */ = {
			isa = PBXResourcesBuildPhase;
			buildActionMask = 2147483647;
			files = (
			);
			runOnlyForDeploymentPostprocessing = 0;
		};
/* End PBXResourcesBuildPhase section */

/* Begin PBXSourcesBuildPhase section */
		2EB7F9FF27920AE8005A1DC2 /* Sources */ = {
			isa = PBXSourcesBuildPhase;
			buildActionMask = 2147483647;
			files = (
				2EB7FA1D27920F78005A1DC2 /* NewsListViewController.swift in Sources */,
				2EB7FA5D27942D14005A1DC2 /* HTTPClient.swift in Sources */,
				2EB7FA0727920AE8005A1DC2 /* AppDelegate.swift in Sources */,
				2EB7FA6027943671005A1DC2 /* NewsLoader.swift in Sources */,
				2EB7FA852794B719005A1DC2 /* UITableView+ReusableView.swift in Sources */,
				2EB7FA812794974E005A1DC2 /* NewsApiLoader.swift in Sources */,
				2EB7FA8F27954497005A1DC2 /* URLSessionHTTPClient.swift in Sources */,
				2EB7FA6227943681005A1DC2 /* News.swift in Sources */,
				2EB7FA8B2794BA89005A1DC2 /* NewsListViewModel.swift in Sources */,
				2EB7FA502792CC15005A1DC2 /* NewsListCell.swift in Sources */,
				2EB7FA0927920AE8005A1DC2 /* SceneDelegate.swift in Sources */,
			);
			runOnlyForDeploymentPostprocessing = 0;
		};
		2EB7FA7227949546005A1DC2 /* Sources */ = {
			isa = PBXSourcesBuildPhase;
			buildActionMask = 2147483647;
			files = (
				2EB7FA9727954C4E005A1DC2 /* URLSessionHttpClientTests.swift in Sources */,
				2EB7FA7F2794954A005A1DC2 /* NewsListViewControllerTests.swift in Sources */,
				2EB7FA8D27952464005A1DC2 /* NewsApiLoaderTests.swift in Sources */,
				2EB7FA882794BA3D005A1DC2 /* NewsListViewModelTests.swift in Sources */,
				2EB7FA932795456F005A1DC2 /* URLProtocolStub.swift in Sources */,
			);
			runOnlyForDeploymentPostprocessing = 0;
		};
/* End PBXSourcesBuildPhase section */

/* Begin PBXTargetDependency section */
		2EB7FA7B27949546005A1DC2 /* PBXTargetDependency */ = {
			isa = PBXTargetDependency;
			target = 2EB7FA0227920AE8005A1DC2 /* NYTimes */;
			targetProxy = 2EB7FA7A27949546005A1DC2 /* PBXContainerItemProxy */;
		};
/* End PBXTargetDependency section */

/* Begin PBXVariantGroup section */
		2EB7FA1127920AE9005A1DC2 /* LaunchScreen.storyboard */ = {
			isa = PBXVariantGroup;
			children = (
				2EB7FA1227920AE9005A1DC2 /* Base */,
			);
			name = LaunchScreen.storyboard;
			sourceTree = "<group>";
		};
/* End PBXVariantGroup section */

/* Begin XCBuildConfiguration section */
		2EB7FA1527920AE9005A1DC2 /* Debug */ = {
			isa = XCBuildConfiguration;
			buildSettings = {
				ALWAYS_SEARCH_USER_PATHS = NO;
				CLANG_ANALYZER_NONNULL = YES;
				CLANG_ANALYZER_NUMBER_OBJECT_CONVERSION = YES_AGGRESSIVE;
				CLANG_CXX_LANGUAGE_STANDARD = "gnu++17";
				CLANG_CXX_LIBRARY = "libc++";
				CLANG_ENABLE_MODULES = YES;
				CLANG_ENABLE_OBJC_ARC = YES;
				CLANG_ENABLE_OBJC_WEAK = YES;
				CLANG_WARN_BLOCK_CAPTURE_AUTORELEASING = YES;
				CLANG_WARN_BOOL_CONVERSION = YES;
				CLANG_WARN_COMMA = YES;
				CLANG_WARN_CONSTANT_CONVERSION = YES;
				CLANG_WARN_DEPRECATED_OBJC_IMPLEMENTATIONS = YES;
				CLANG_WARN_DIRECT_OBJC_ISA_USAGE = YES_ERROR;
				CLANG_WARN_DOCUMENTATION_COMMENTS = YES;
				CLANG_WARN_EMPTY_BODY = YES;
				CLANG_WARN_ENUM_CONVERSION = YES;
				CLANG_WARN_INFINITE_RECURSION = YES;
				CLANG_WARN_INT_CONVERSION = YES;
				CLANG_WARN_NON_LITERAL_NULL_CONVERSION = YES;
				CLANG_WARN_OBJC_IMPLICIT_RETAIN_SELF = YES;
				CLANG_WARN_OBJC_LITERAL_CONVERSION = YES;
				CLANG_WARN_OBJC_ROOT_CLASS = YES_ERROR;
				CLANG_WARN_QUOTED_INCLUDE_IN_FRAMEWORK_HEADER = YES;
				CLANG_WARN_RANGE_LOOP_ANALYSIS = YES;
				CLANG_WARN_STRICT_PROTOTYPES = YES;
				CLANG_WARN_SUSPICIOUS_MOVE = YES;
				CLANG_WARN_UNGUARDED_AVAILABILITY = YES_AGGRESSIVE;
				CLANG_WARN_UNREACHABLE_CODE = YES;
				CLANG_WARN__DUPLICATE_METHOD_MATCH = YES;
				COPY_PHASE_STRIP = NO;
				DEBUG_INFORMATION_FORMAT = dwarf;
				ENABLE_STRICT_OBJC_MSGSEND = YES;
				ENABLE_TESTABILITY = YES;
				GCC_C_LANGUAGE_STANDARD = gnu11;
				GCC_DYNAMIC_NO_PIC = NO;
				GCC_NO_COMMON_BLOCKS = YES;
				GCC_OPTIMIZATION_LEVEL = 0;
				GCC_PREPROCESSOR_DEFINITIONS = (
					"DEBUG=1",
					"$(inherited)",
				);
				GCC_WARN_64_TO_32_BIT_CONVERSION = YES;
				GCC_WARN_ABOUT_RETURN_TYPE = YES_ERROR;
				GCC_WARN_UNDECLARED_SELECTOR = YES;
				GCC_WARN_UNINITIALIZED_AUTOS = YES_AGGRESSIVE;
				GCC_WARN_UNUSED_FUNCTION = YES;
				GCC_WARN_UNUSED_VARIABLE = YES;
				IPHONEOS_DEPLOYMENT_TARGET = 15.2;
				MTL_ENABLE_DEBUG_INFO = INCLUDE_SOURCE;
				MTL_FAST_MATH = YES;
				ONLY_ACTIVE_ARCH = YES;
				SDKROOT = iphoneos;
				SWIFT_ACTIVE_COMPILATION_CONDITIONS = DEBUG;
				SWIFT_OPTIMIZATION_LEVEL = "-Onone";
			};
			name = Debug;
		};
		2EB7FA1627920AE9005A1DC2 /* Release */ = {
			isa = XCBuildConfiguration;
			buildSettings = {
				ALWAYS_SEARCH_USER_PATHS = NO;
				CLANG_ANALYZER_NONNULL = YES;
				CLANG_ANALYZER_NUMBER_OBJECT_CONVERSION = YES_AGGRESSIVE;
				CLANG_CXX_LANGUAGE_STANDARD = "gnu++17";
				CLANG_CXX_LIBRARY = "libc++";
				CLANG_ENABLE_MODULES = YES;
				CLANG_ENABLE_OBJC_ARC = YES;
				CLANG_ENABLE_OBJC_WEAK = YES;
				CLANG_WARN_BLOCK_CAPTURE_AUTORELEASING = YES;
				CLANG_WARN_BOOL_CONVERSION = YES;
				CLANG_WARN_COMMA = YES;
				CLANG_WARN_CONSTANT_CONVERSION = YES;
				CLANG_WARN_DEPRECATED_OBJC_IMPLEMENTATIONS = YES;
				CLANG_WARN_DIRECT_OBJC_ISA_USAGE = YES_ERROR;
				CLANG_WARN_DOCUMENTATION_COMMENTS = YES;
				CLANG_WARN_EMPTY_BODY = YES;
				CLANG_WARN_ENUM_CONVERSION = YES;
				CLANG_WARN_INFINITE_RECURSION = YES;
				CLANG_WARN_INT_CONVERSION = YES;
				CLANG_WARN_NON_LITERAL_NULL_CONVERSION = YES;
				CLANG_WARN_OBJC_IMPLICIT_RETAIN_SELF = YES;
				CLANG_WARN_OBJC_LITERAL_CONVERSION = YES;
				CLANG_WARN_OBJC_ROOT_CLASS = YES_ERROR;
				CLANG_WARN_QUOTED_INCLUDE_IN_FRAMEWORK_HEADER = YES;
				CLANG_WARN_RANGE_LOOP_ANALYSIS = YES;
				CLANG_WARN_STRICT_PROTOTYPES = YES;
				CLANG_WARN_SUSPICIOUS_MOVE = YES;
				CLANG_WARN_UNGUARDED_AVAILABILITY = YES_AGGRESSIVE;
				CLANG_WARN_UNREACHABLE_CODE = YES;
				CLANG_WARN__DUPLICATE_METHOD_MATCH = YES;
				COPY_PHASE_STRIP = NO;
				DEBUG_INFORMATION_FORMAT = "dwarf-with-dsym";
				ENABLE_NS_ASSERTIONS = NO;
				ENABLE_STRICT_OBJC_MSGSEND = YES;
				GCC_C_LANGUAGE_STANDARD = gnu11;
				GCC_NO_COMMON_BLOCKS = YES;
				GCC_WARN_64_TO_32_BIT_CONVERSION = YES;
				GCC_WARN_ABOUT_RETURN_TYPE = YES_ERROR;
				GCC_WARN_UNDECLARED_SELECTOR = YES;
				GCC_WARN_UNINITIALIZED_AUTOS = YES_AGGRESSIVE;
				GCC_WARN_UNUSED_FUNCTION = YES;
				GCC_WARN_UNUSED_VARIABLE = YES;
				IPHONEOS_DEPLOYMENT_TARGET = 15.2;
				MTL_ENABLE_DEBUG_INFO = NO;
				MTL_FAST_MATH = YES;
				SDKROOT = iphoneos;
				SWIFT_COMPILATION_MODE = wholemodule;
				SWIFT_OPTIMIZATION_LEVEL = "-O";
				VALIDATE_PRODUCT = YES;
			};
			name = Release;
		};
		2EB7FA1827920AE9005A1DC2 /* Debug */ = {
			isa = XCBuildConfiguration;
			buildSettings = {
				ASSETCATALOG_COMPILER_APPICON_NAME = AppIcon;
				ASSETCATALOG_COMPILER_GLOBAL_ACCENT_COLOR_NAME = AccentColor;
				CODE_SIGN_STYLE = Automatic;
				CURRENT_PROJECT_VERSION = 1;
				GENERATE_INFOPLIST_FILE = YES;
				INFOPLIST_FILE = NYTimes/Info.plist;
				INFOPLIST_KEY_UIApplicationSupportsIndirectInputEvents = YES;
				INFOPLIST_KEY_UILaunchStoryboardName = LaunchScreen;
				INFOPLIST_KEY_UISupportedInterfaceOrientations_iPad = "UIInterfaceOrientationPortrait UIInterfaceOrientationPortraitUpsideDown UIInterfaceOrientationLandscapeLeft UIInterfaceOrientationLandscapeRight";
				INFOPLIST_KEY_UISupportedInterfaceOrientations_iPhone = "UIInterfaceOrientationPortrait UIInterfaceOrientationLandscapeLeft UIInterfaceOrientationLandscapeRight";
				LD_RUNPATH_SEARCH_PATHS = (
					"$(inherited)",
					"@executable_path/Frameworks",
				);
				MARKETING_VERSION = 1.0;
				PRODUCT_BUNDLE_IDENTIFIER = com.company.NYTimes;
				PRODUCT_NAME = "$(TARGET_NAME)";
				SWIFT_EMIT_LOC_STRINGS = YES;
				SWIFT_VERSION = 5.0;
				TARGETED_DEVICE_FAMILY = "1,2";
			};
			name = Debug;
		};
		2EB7FA1927920AE9005A1DC2 /* Release */ = {
			isa = XCBuildConfiguration;
			buildSettings = {
				ASSETCATALOG_COMPILER_APPICON_NAME = AppIcon;
				ASSETCATALOG_COMPILER_GLOBAL_ACCENT_COLOR_NAME = AccentColor;
				CODE_SIGN_STYLE = Automatic;
				CURRENT_PROJECT_VERSION = 1;
				GENERATE_INFOPLIST_FILE = YES;
				INFOPLIST_FILE = NYTimes/Info.plist;
				INFOPLIST_KEY_UIApplicationSupportsIndirectInputEvents = YES;
				INFOPLIST_KEY_UILaunchStoryboardName = LaunchScreen;
				INFOPLIST_KEY_UISupportedInterfaceOrientations_iPad = "UIInterfaceOrientationPortrait UIInterfaceOrientationPortraitUpsideDown UIInterfaceOrientationLandscapeLeft UIInterfaceOrientationLandscapeRight";
				INFOPLIST_KEY_UISupportedInterfaceOrientations_iPhone = "UIInterfaceOrientationPortrait UIInterfaceOrientationLandscapeLeft UIInterfaceOrientationLandscapeRight";
				LD_RUNPATH_SEARCH_PATHS = (
					"$(inherited)",
					"@executable_path/Frameworks",
				);
				MARKETING_VERSION = 1.0;
				PRODUCT_BUNDLE_IDENTIFIER = com.company.NYTimes;
				PRODUCT_NAME = "$(TARGET_NAME)";
				SWIFT_EMIT_LOC_STRINGS = YES;
				SWIFT_VERSION = 5.0;
				TARGETED_DEVICE_FAMILY = "1,2";
			};
			name = Release;
		};
		2EB7FA7C27949546005A1DC2 /* Debug */ = {
			isa = XCBuildConfiguration;
			buildSettings = {
				BUNDLE_LOADER = "$(TEST_HOST)";
				CODE_SIGN_STYLE = Automatic;
				CURRENT_PROJECT_VERSION = 1;
				GENERATE_INFOPLIST_FILE = YES;
				MARKETING_VERSION = 1.0;
				PRODUCT_BUNDLE_IDENTIFIER = com.company.NYTimesTests;
				PRODUCT_NAME = "$(TARGET_NAME)";
				SWIFT_EMIT_LOC_STRINGS = NO;
				SWIFT_VERSION = 5.0;
				TARGETED_DEVICE_FAMILY = "1,2";
				TEST_HOST = "$(BUILT_PRODUCTS_DIR)/NYTimes.app/NYTimes";
			};
			name = Debug;
		};
		2EB7FA7D27949546005A1DC2 /* Release */ = {
			isa = XCBuildConfiguration;
			buildSettings = {
				BUNDLE_LOADER = "$(TEST_HOST)";
				CODE_SIGN_STYLE = Automatic;
				CURRENT_PROJECT_VERSION = 1;
				GENERATE_INFOPLIST_FILE = YES;
				MARKETING_VERSION = 1.0;
				PRODUCT_BUNDLE_IDENTIFIER = com.company.NYTimesTests;
				PRODUCT_NAME = "$(TARGET_NAME)";
				SWIFT_EMIT_LOC_STRINGS = NO;
				SWIFT_VERSION = 5.0;
				TARGETED_DEVICE_FAMILY = "1,2";
				TEST_HOST = "$(BUILT_PRODUCTS_DIR)/NYTimes.app/NYTimes";
			};
			name = Release;
		};
/* End XCBuildConfiguration section */

/* Begin XCConfigurationList section */
		2EB7F9FE27920AE8005A1DC2 /* Build configuration list for PBXProject "NYTimes" */ = {
			isa = XCConfigurationList;
			buildConfigurations = (
				2EB7FA1527920AE9005A1DC2 /* Debug */,
				2EB7FA1627920AE9005A1DC2 /* Release */,
			);
			defaultConfigurationIsVisible = 0;
			defaultConfigurationName = Release;
		};
		2EB7FA1727920AE9005A1DC2 /* Build configuration list for PBXNativeTarget "NYTimes" */ = {
			isa = XCConfigurationList;
			buildConfigurations = (
				2EB7FA1827920AE9005A1DC2 /* Debug */,
				2EB7FA1927920AE9005A1DC2 /* Release */,
			);
			defaultConfigurationIsVisible = 0;
			defaultConfigurationName = Release;
		};
		2EB7FA7E27949546005A1DC2 /* Build configuration list for PBXNativeTarget "NYTimesTests" */ = {
			isa = XCConfigurationList;
			buildConfigurations = (
				2EB7FA7C27949546005A1DC2 /* Debug */,
				2EB7FA7D27949546005A1DC2 /* Release */,
			);
			defaultConfigurationIsVisible = 0;
			defaultConfigurationName = Release;
		};
/* End XCConfigurationList section */
	};
	rootObject = 2EB7F9FB27920AE8005A1DC2 /* Project object */;
}
